
Microsoft Visual Studio Solution File, Format Version 12.00
# Visual Studio Version 16
VisualStudioVersion = 16.0.29123.88
MinimumVisualStudioVersion = 10.0.40219.1
Project("{FAE04EC0-301F-11D3-BF4B-00C04F79EFBC}") = "Blog.Android", "Blog.Android\Blog.Android.csproj", "{B476C8D3-19F9-481F-9A4A-093CEA3EDE09}"
EndProject
Project("{FAE04EC0-301F-11D3-BF4B-00C04F79EFBC}") = "Blog.iOS", "Blog.iOS\Blog.iOS.csproj", "{32A91DB9-6833-470A-84B3-6DA45B0445DB}"
EndProject
Project("{FAE04EC0-301F-11D3-BF4B-00C04F79EFBC}") = "Blog", "Blog\Blog.csproj", "{C764E11C-4745-4098-B618-B316ED2B4B12}"
EndProject
Global
	GlobalSection(SolutionConfigurationPlatforms) = preSolution
		Debug|Any CPU = Debug|Any CPU
		Debug|iPhone = Debug|iPhone
		Debug|iPhoneSimulator = Debug|iPhoneSimulator
		Release|Any CPU = Release|Any CPU
		Release|iPhone = Release|iPhone
		Release|iPhoneSimulator = Release|iPhoneSimulator
	EndGlobalSection
	GlobalSection(ProjectConfigurationPlatforms) = postSolution
		{B476C8D3-19F9-481F-9A4A-093CEA3EDE09}.Debug|Any CPU.ActiveCfg = Debug|Any CPU
		{B476C8D3-19F9-481F-9A4A-093CEA3EDE09}.Debug|Any CPU.Build.0 = Debug|Any CPU
		{B476C8D3-19F9-481F-9A4A-093CEA3EDE09}.Debug|Any CPU.Deploy.0 = Debug|Any CPU
		{B476C8D3-19F9-481F-9A4A-093CEA3EDE09}.Debug|iPhone.ActiveCfg = Debug|Any CPU
		{B476C8D3-19F9-481F-9A4A-093CEA3EDE09}.Debug|iPhone.Build.0 = Debug|Any CPU
		{B476C8D3-19F9-481F-9A4A-093CEA3EDE09}.Debug|iPhone.Deploy.0 = Debug|Any CPU
		{B476C8D3-19F9-481F-9A4A-093CEA3EDE09}.Debug|iPhoneSimulator.ActiveCfg = Debug|Any CPU
		{B476C8D3-19F9-481F-9A4A-093CEA3EDE09}.Debug|iPhoneSimulator.Build.0 = Debug|Any CPU
		{B476C8D3-19F9-481F-9A4A-093CEA3EDE09}.Debug|iPhoneSimulator.Deploy.0 = Debug|Any CPU
		{B476C8D3-19F9-481F-9A4A-093CEA3EDE09}.Release|Any CPU.ActiveCfg = Release|Any CPU
		{B476C8D3-19F9-481F-9A4A-093CEA3EDE09}.Release|Any CPU.Build.0 = Release|Any CPU
		{B476C8D3-19F9-481F-9A4A-093CEA3EDE09}.Release|Any CPU.Deploy.0 = Release|Any CPU
		{B476C8D3-19F9-481F-9A4A-093CEA3EDE09}.Release|iPhone.ActiveCfg = Release|Any CPU
		{B476C8D3-19F9-481F-9A4A-093CEA3EDE09}.Release|iPhone.Build.0 = Release|Any CPU
		{B476C8D3-19F9-481F-9A4A-093CEA3EDE09}.Release|iPhone.Deploy.0 = Release|Any CPU
		{B476C8D3-19F9-481F-9A4A-093CEA3EDE09}.Release|iPhoneSimulator.ActiveCfg = Release|Any CPU
		{B476C8D3-19F9-481F-9A4A-093CEA3EDE09}.Release|iPhoneSimulator.Build.0 = Release|Any CPU
		{B476C8D3-19F9-481F-9A4A-093CEA3EDE09}.Release|iPhoneSimulator.Deploy.0 = Release|Any CPU
		{32A91DB9-6833-470A-84B3-6DA45B0445DB}.Debug|Any CPU.ActiveCfg = Debug|iPhoneSimulator
		{32A91DB9-6833-470A-84B3-6DA45B0445DB}.Debug|Any CPU.Build.0 = Debug|iPhoneSimulator
		{32A91DB9-6833-470A-84B3-6DA45B0445DB}.Debug|Any CPU.Deploy.0 = Debug|iPhoneSimulator
		{32A91DB9-6833-470A-84B3-6DA45B0445DB}.Debug|iPhone.ActiveCfg = Debug|iPhone
		{32A91DB9-6833-470A-84B3-6DA45B0445DB}.Debug|iPhone.Build.0 = Debug|iPhone
		{32A91DB9-6833-470A-84B3-6DA45B0445DB}.Debug|iPhone.Deploy.0 = Debug|iPhone
		{32A91DB9-6833-470A-84B3-6DA45B0445DB}.Debug|iPhoneSimulator.ActiveCfg = Debug|iPhoneSimulator
		{32A91DB9-6833-470A-84B3-6DA45B0445DB}.Debug|iPhoneSimulator.Build.0 = Debug|iPhoneSimulator
		{32A91DB9-6833-470A-84B3-6DA45B0445DB}.Debug|iPhoneSimulator.Deploy.0 = Debug|iPhoneSimulator
		{32A91DB9-6833-470A-84B3-6DA45B0445DB}.Release|Any CPU.ActiveCfg = Release|iPhone
		{32A91DB9-6833-470A-84B3-6DA45B0445DB}.Release|Any CPU.Build.0 = Release|iPhone
		{32A91DB9-6833-470A-84B3-6DA45B0445DB}.Release|Any CPU.Deploy.0 = Release|iPhone
		{32A91DB9-6833-470A-84B3-6DA45B0445DB}.Release|iPhone.ActiveCfg = Release|iPhone
		{32A91DB9-6833-470A-84B3-6DA45B0445DB}.Release|iPhone.Build.0 = Release|iPhone
		{32A91DB9-6833-470A-84B3-6DA45B0445DB}.Release|iPhone.Deploy.0 = Release|iPhone
		{32A91DB9-6833-470A-84B3-6DA45B0445DB}.Release|iPhoneSimulator.ActiveCfg = Release|iPhoneSimulator
		{32A91DB9-6833-470A-84B3-6DA45B0445DB}.Release|iPhoneSimulator.Build.0 = Release|iPhoneSimulator
		{32A91DB9-6833-470A-84B3-6DA45B0445DB}.Release|iPhoneSimulator.Deploy.0 = Release|iPhoneSimulator
		{C764E11C-4745-4098-B618-B316ED2B4B12}.Debug|Any CPU.ActiveCfg = Debug|Any CPU
		{C764E11C-4745-4098-B618-B316ED2B4B12}.Debug|Any CPU.Build.0 = Debug|Any CPU
		{C764E11C-4745-4098-B618-B316ED2B4B12}.Debug|Any CPU.Deploy.0 = Debug|Any CPU
		{C764E11C-4745-4098-B618-B316ED2B4B12}.Debug|iPhone.ActiveCfg = Debug|Any CPU
		{C764E11C-4745-4098-B618-B316ED2B4B12}.Debug|iPhone.Build.0 = Debug|Any CPU
		{C764E11C-4745-4098-B618-B316ED2B4B12}.Debug|iPhone.Deploy.0 = Debug|Any CPU
		{C764E11C-4745-4098-B618-B316ED2B4B12}.Debug|iPhoneSimulator.ActiveCfg = Debug|Any CPU
		{C764E11C-4745-4098-B618-B316ED2B4B12}.Debug|iPhoneSimulator.Build.0 = Debug|Any CPU
		{C764E11C-4745-4098-B618-B316ED2B4B12}.Debug|iPhoneSimulator.Deploy.0 = Debug|Any CPU
		{C764E11C-4745-4098-B618-B316ED2B4B12}.Release|Any CPU.ActiveCfg = Release|Any CPU
		{C764E11C-4745-4098-B618-B316ED2B4B12}.Release|Any CPU.Build.0 = Release|Any CPU
		{C764E11C-4745-4098-B618-B316ED2B4B12}.Release|Any CPU.Deploy.0 = Release|Any CPU
		{C764E11C-4745-4098-B618-B316ED2B4B12}.Release|iPhone.ActiveCfg = Release|Any CPU
		{C764E11C-4745-4098-B618-B316ED2B4B12}.Release|iPhone.Build.0 = Release|Any CPU
		{C764E11C-4745-4098-B618-B316ED2B4B12}.Release|iPhone.Deploy.0 = Release|Any CPU
		{C764E11C-4745-4098-B618-B316ED2B4B12}.Release|iPhoneSimulator.ActiveCfg = Release|Any CPU
		{C764E11C-4745-4098-B618-B316ED2B4B12}.Release|iPhoneSimulator.Build.0 = Release|Any CPU
		{C764E11C-4745-4098-B618-B316ED2B4B12}.Release|iPhoneSimulator.Deploy.0 = Release|Any CPU
	EndGlobalSection
	GlobalSection(SolutionProperties) = preSolution
		HideSolutionNode = FALSE
	EndGlobalSection
	GlobalSection(ExtensibilityGlobals) = postSolution
		SolutionGuid = {25F018FB-7F05-4A33-A346-D93BE19014E1}
	EndGlobalSection
EndGlobal
